
Microsoft Visual Studio Solution File, Format Version 12.00
# Visual Studio Version 17
VisualStudioVersion = 17.0.31710.8
MinimumVisualStudioVersion = 10.0.40219.1
Project("{FAE04EC0-301F-11D3-BF4B-00C04F79EFBC}") = "TrackableEntities.Client.Core", "TrackableEntities.Client.Core\TrackableEntities.Client.Core.csproj", "{3D937C6A-AA36-4F57-991A-CF9314CFBACD}"
EndProject
Project("{FAE04EC0-301F-11D3-BF4B-00C04F79EFBC}") = "TrackableEntities.Common.Core", "TrackableEntities.Common.Core\TrackableEntities.Common.Core.csproj", "{BD9FDEF9-2D93-4B2B-B29F-FCB30C9678B9}"
EndProject
Project("{FAE04EC0-301F-11D3-BF4B-00C04F79EFBC}") = "TrackableEntities.EF.Core", "TrackableEntities.EF.Core\TrackableEntities.EF.Core.csproj", "{6790229E-804A-4A20-93AC-3FD663F53694}"
EndProject
Project("{FAE04EC0-301F-11D3-BF4B-00C04F79EFBC}") = "TrackableEntities.EF.Core.Tests", "TrackableEntities.EF.Core.Tests\TrackableEntities.EF.Core.Tests.csproj", "{F70324A4-2B93-4C64-B39F-F9A4BB3F0862}"
EndProject
Global
	GlobalSection(SolutionConfigurationPlatforms) = preSolution
		Debug|Any CPU = Debug|Any CPU
		Release|Any CPU = Release|Any CPU
	EndGlobalSection
	GlobalSection(ProjectConfigurationPlatforms) = postSolution
		{3D937C6A-AA36-4F57-991A-CF9314CFBACD}.Debug|Any CPU.ActiveCfg = Debug|Any CPU
		{3D937C6A-AA36-4F57-991A-CF9314CFBACD}.Debug|Any CPU.Build.0 = Debug|Any CPU
		{3D937C6A-AA36-4F57-991A-CF9314CFBACD}.Release|Any CPU.ActiveCfg = Release|Any CPU
		{3D937C6A-AA36-4F57-991A-CF9314CFBACD}.Release|Any CPU.Build.0 = Release|Any CPU
		{BD9FDEF9-2D93-4B2B-B29F-FCB30C9678B9}.Debug|Any CPU.ActiveCfg = Debug|Any CPU
		{BD9FDEF9-2D93-4B2B-B29F-FCB30C9678B9}.Debug|Any CPU.Build.0 = Debug|Any CPU
		{BD9FDEF9-2D93-4B2B-B29F-FCB30C9678B9}.Release|Any CPU.ActiveCfg = Release|Any CPU
		{BD9FDEF9-2D93-4B2B-B29F-FCB30C9678B9}.Release|Any CPU.Build.0 = Release|Any CPU
		{6790229E-804A-4A20-93AC-3FD663F53694}.Debug|Any CPU.ActiveCfg = Debug|Any CPU
		{6790229E-804A-4A20-93AC-3FD663F53694}.Debug|Any CPU.Build.0 = Debug|Any CPU
		{6790229E-804A-4A20-93AC-3FD663F53694}.Release|Any CPU.ActiveCfg = Release|Any CPU
		{6790229E-804A-4A20-93AC-3FD663F53694}.Release|Any CPU.Build.0 = Release|Any CPU
		{F70324A4-2B93-4C64-B39F-F9A4BB3F0862}.Debug|Any CPU.ActiveCfg = Debug|Any CPU
		{F70324A4-2B93-4C64-B39F-F9A4BB3F0862}.Debug|Any CPU.Build.0 = Debug|Any CPU
		{F70324A4-2B93-4C64-B39F-F9A4BB3F0862}.Release|Any CPU.ActiveCfg = Release|Any CPU
		{F70324A4-2B93-4C64-B39F-F9A4BB3F0862}.Release|Any CPU.Build.0 = Release|Any CPU
	EndGlobalSection
	GlobalSection(SolutionProperties) = preSolution
		HideSolutionNode = FALSE
	EndGlobalSection
	GlobalSection(ExtensibilityGlobals) = postSolution
		SolutionGuid = {0A17CEFF-9288-4FDA-B45D-68810F1B7841}
	EndGlobalSection
EndGlobal
